
Microsoft Visual Studio Solution File, Format Version 12.00
# Visual Studio Version 17
VisualStudioVersion = 17.14.36401.2
MinimumVisualStudioVersion = 10.0.40219.1
Project("{2150E333-8FDC-42A3-9474-1A3956D46DE8}") = "Solution Items", "Solution Items", "{4B805D28-10BE-48F5-8284-5F10D14D4E4C}"
	ProjectSection(SolutionItems) = preProject
		.gitignore = .gitignore
		Build\Build.Configuration.cs = Build\Build.Configuration.cs
		Changelog.md = Changelog.md
		Readme.md = Readme.md
	EndProjectSection
EndProject
Project("{2150E333-8FDC-42A3-9474-1A3956D46DE8}") = "Automation", "Automation", "{0D1376E1-B73F-4B36-9D8C-CE544CDFCE72}"
EndProject
Project("{FAE04EC0-301F-11D3-BF4B-00C04F79EFBC}") = "Build", "build\Build.csproj", "{FA89C8DB-91AF-4F75-AB84-63E164BF05A9}"
	ProjectSection(ProjectDependencies) = postProject
		{A86E705F-EA9B-43AD-901C-793013658989} = {A86E705F-EA9B-43AD-901C-793013658989}
	EndProjectSection
EndProject
Project("{FAE04EC0-301F-11D3-BF4B-00C04F79EFBC}") = "Installer", "install\Installer.csproj", "{F51287B5-7D68-41D3-8C77-0BC22671044C}"
EndProject
Project("{FAE04EC0-301F-11D3-BF4B-00C04F79EFBC}") = "ArchiWindRevitAddIn", "ArchiWindRevitAddIn\ArchiWindRevitAddIn.csproj", "{A86E705F-EA9B-43AD-901C-793013658989}"
EndProject
Global
	GlobalSection(SolutionConfigurationPlatforms) = preSolution
		Debug R21|Any CPU = Debug R21|Any CPU
		Debug R22|Any CPU = Debug R22|Any CPU
		Debug R23|Any CPU = Debug R23|Any CPU
		Debug R24|Any CPU = Debug R24|Any CPU
		Debug R25|Any CPU = Debug R25|Any CPU
		Debug R26|Any CPU = Debug R26|Any CPU
		Release R21|Any CPU = Release R21|Any CPU
		Release R22|Any CPU = Release R22|Any CPU
		Release R23|Any CPU = Release R23|Any CPU
		Release R24|Any CPU = Release R24|Any CPU
		Release R25|Any CPU = Release R25|Any CPU
		Release R26|Any CPU = Release R26|Any CPU
	EndGlobalSection
	GlobalSection(ProjectConfigurationPlatforms) = postSolution
		{FA89C8DB-91AF-4F75-AB84-63E164BF05A9}.Debug R21|Any CPU.ActiveCfg = Debug|Any CPU
		{FA89C8DB-91AF-4F75-AB84-63E164BF05A9}.Debug R22|Any CPU.ActiveCfg = Debug|Any CPU
		{FA89C8DB-91AF-4F75-AB84-63E164BF05A9}.Debug R23|Any CPU.ActiveCfg = Debug|Any CPU
		{FA89C8DB-91AF-4F75-AB84-63E164BF05A9}.Debug R24|Any CPU.ActiveCfg = Debug|Any CPU
		{FA89C8DB-91AF-4F75-AB84-63E164BF05A9}.Debug R25|Any CPU.ActiveCfg = Debug|Any CPU
		{FA89C8DB-91AF-4F75-AB84-63E164BF05A9}.Debug R26|Any CPU.ActiveCfg = Debug|Any CPU
		{FA89C8DB-91AF-4F75-AB84-63E164BF05A9}.Release R21|Any CPU.ActiveCfg = Release|Any CPU
		{FA89C8DB-91AF-4F75-AB84-63E164BF05A9}.Release R22|Any CPU.ActiveCfg = Release|Any CPU
		{FA89C8DB-91AF-4F75-AB84-63E164BF05A9}.Release R23|Any CPU.ActiveCfg = Release|Any CPU
		{FA89C8DB-91AF-4F75-AB84-63E164BF05A9}.Release R24|Any CPU.ActiveCfg = Release|Any CPU
		{FA89C8DB-91AF-4F75-AB84-63E164BF05A9}.Release R25|Any CPU.ActiveCfg = Release|Any CPU
		{FA89C8DB-91AF-4F75-AB84-63E164BF05A9}.Release R26|Any CPU.ActiveCfg = Release|Any CPU
		{F51287B5-7D68-41D3-8C77-0BC22671044C}.Debug R21|Any CPU.ActiveCfg = Debug|Any CPU
		{F51287B5-7D68-41D3-8C77-0BC22671044C}.Debug R22|Any CPU.ActiveCfg = Debug|Any CPU
		{F51287B5-7D68-41D3-8C77-0BC22671044C}.Debug R23|Any CPU.ActiveCfg = Debug|Any CPU
		{F51287B5-7D68-41D3-8C77-0BC22671044C}.Debug R24|Any CPU.ActiveCfg = Debug|Any CPU
		{F51287B5-7D68-41D3-8C77-0BC22671044C}.Debug R25|Any CPU.ActiveCfg = Debug|Any CPU
		{F51287B5-7D68-41D3-8C77-0BC22671044C}.Debug R26|Any CPU.ActiveCfg = Debug|Any CPU
		{F51287B5-7D68-41D3-8C77-0BC22671044C}.Release R21|Any CPU.ActiveCfg = Release|Any CPU
		{F51287B5-7D68-41D3-8C77-0BC22671044C}.Release R22|Any CPU.ActiveCfg = Release|Any CPU
		{F51287B5-7D68-41D3-8C77-0BC22671044C}.Release R23|Any CPU.ActiveCfg = Release|Any CPU
		{F51287B5-7D68-41D3-8C77-0BC22671044C}.Release R24|Any CPU.ActiveCfg = Release|Any CPU
		{F51287B5-7D68-41D3-8C77-0BC22671044C}.Release R25|Any CPU.ActiveCfg = Release|Any CPU
		{F51287B5-7D68-41D3-8C77-0BC22671044C}.Release R26|Any CPU.ActiveCfg = Release|Any CPU
		{A86E705F-EA9B-43AD-901C-793013658989}.Debug R21|Any CPU.ActiveCfg = Debug R21|Any CPU
		{A86E705F-EA9B-43AD-901C-793013658989}.Debug R21|Any CPU.Build.0 = Debug R21|Any CPU
		{A86E705F-EA9B-43AD-901C-793013658989}.Debug R22|Any CPU.ActiveCfg = Debug R22|Any CPU
		{A86E705F-EA9B-43AD-901C-793013658989}.Debug R22|Any CPU.Build.0 = Debug R22|Any CPU
		{A86E705F-EA9B-43AD-901C-793013658989}.Debug R23|Any CPU.ActiveCfg = Debug R23|Any CPU
		{A86E705F-EA9B-43AD-901C-793013658989}.Debug R23|Any CPU.Build.0 = Debug R23|Any CPU
		{A86E705F-EA9B-43AD-901C-793013658989}.Debug R24|Any CPU.ActiveCfg = Debug R24|Any CPU
		{A86E705F-EA9B-43AD-901C-793013658989}.Debug R24|Any CPU.Build.0 = Debug R24|Any CPU
		{A86E705F-EA9B-43AD-901C-793013658989}.Debug R25|Any CPU.ActiveCfg = Debug R25|Any CPU
		{A86E705F-EA9B-43AD-901C-793013658989}.Debug R25|Any CPU.Build.0 = Debug R25|Any CPU
		{A86E705F-EA9B-43AD-901C-793013658989}.Debug R26|Any CPU.ActiveCfg = Debug R26|Any CPU
		{A86E705F-EA9B-43AD-901C-793013658989}.Debug R26|Any CPU.Build.0 = Debug R26|Any CPU
		{A86E705F-EA9B-43AD-901C-793013658989}.Release R21|Any CPU.ActiveCfg = Release R21|Any CPU
		{A86E705F-EA9B-43AD-901C-793013658989}.Release R21|Any CPU.Build.0 = Release R21|Any CPU
		{A86E705F-EA9B-43AD-901C-793013658989}.Release R22|Any CPU.ActiveCfg = Release R22|Any CPU
		{A86E705F-EA9B-43AD-901C-793013658989}.Release R22|Any CPU.Build.0 = Release R22|Any CPU
		{A86E705F-EA9B-43AD-901C-793013658989}.Release R23|Any CPU.ActiveCfg = Release R23|Any CPU
		{A86E705F-EA9B-43AD-901C-793013658989}.Release R23|Any CPU.Build.0 = Release R23|Any CPU
		{A86E705F-EA9B-43AD-901C-793013658989}.Release R24|Any CPU.ActiveCfg = Release R24|Any CPU
		{A86E705F-EA9B-43AD-901C-793013658989}.Release R24|Any CPU.Build.0 = Release R24|Any CPU
		{A86E705F-EA9B-43AD-901C-793013658989}.Release R25|Any CPU.ActiveCfg = Release R25|Any CPU
		{A86E705F-EA9B-43AD-901C-793013658989}.Release R25|Any CPU.Build.0 = Release R25|Any CPU
		{A86E705F-EA9B-43AD-901C-793013658989}.Release R26|Any CPU.ActiveCfg = Release R26|Any CPU
		{A86E705F-EA9B-43AD-901C-793013658989}.Release R26|Any CPU.Build.0 = Release R26|Any CPU
	EndGlobalSection
	GlobalSection(SolutionProperties) = preSolution
		HideSolutionNode = FALSE
	EndGlobalSection
	GlobalSection(NestedProjects) = preSolution
		{FA89C8DB-91AF-4F75-AB84-63E164BF05A9} = {0D1376E1-B73F-4B36-9D8C-CE544CDFCE72}
		{F51287B5-7D68-41D3-8C77-0BC22671044C} = {0D1376E1-B73F-4B36-9D8C-CE544CDFCE72}
	EndGlobalSection
	GlobalSection(ExtensibilityGlobals) = postSolution
		SolutionGuid = {9BE2E698-7464-4929-9728-9D7CD25DE45E}
	EndGlobalSection
EndGlobal
